version: 2.0
shards:
  db:
    git: https://github.com/crystal-lang/crystal-db.git
    version: 0.10.1

  exception_page:
    git: https://github.com/crystal-loot/exception_page.git
    version: 0.1.5

  granite:
    git: https://github.com/amberframework/granite.git
    version: 0.23.0

  graphql:
    git: https://github.com/garymardell/graphql.cr.git
    version: 0.1.1+git.commit.2c34317649e3addc9763ac34d8cbed95e15e8dae

  kemal:
    git: https://github.com/kemalcr/kemal.git
    version: 1.0.0

  kilt:
    git: https://github.com/jeromegn/kilt.git
    version: 0.4.1

  pg:
    git: https://github.com/will/crystal-pg.git
    version: 0.24.0

  promise:
    git: https://github.com/spider-gazelle/promise.git
    version: 2.2.3+git.commit.271f146b31a3e41a35892c5a840b9bf6e450ad9e

  radix:
    git: https://github.com/luislavena/radix.git
    version: 0.4.1

  sentry:
    git: https://github.com/samueleaton/sentry.git
    version: 0.3.2

  sentry-run:
    git: https://github.com/faustinoaq/sentry-run.git
    version: 0.3.0

